
Microsoft Visual Studio Solution File, Format Version 12.00
# Visual Studio Version 17
VisualStudioVersion = 17.0.31903.59
MinimumVisualStudioVersion = 10.0.40219.1
Project("{FAE04EC0-301F-11D3-BF4B-00C04F79EFBC}") = "FedBalanceSheetCorrelation", "FedBalanceSheetCorrelation\FedBalanceSheetCorrelation.csproj", "{1C61BD68-B302-4287-AEF1-56F8D8AFB416}"
EndProject
Global
	GlobalSection(SolutionConfigurationPlatforms) = preSolution
		Debug|Any CPU = Debug|Any CPU
		Release|Any CPU = Release|Any CPU
	EndGlobalSection
	GlobalSection(ProjectConfigurationPlatforms) = postSolution
		{1C61BD68-B302-4287-AEF1-56F8D8AFB416}.Debug|Any CPU.ActiveCfg = Debug|Any CPU
		{1C61BD68-B302-4287-AEF1-56F8D8AFB416}.Debug|Any CPU.Build.0 = Debug|Any CPU
		{1C61BD68-B302-4287-AEF1-56F8D8AFB416}.Release|Any CPU.ActiveCfg = Release|Any CPU
		{1C61BD68-B302-4287-AEF1-56F8D8AFB416}.Release|Any CPU.Build.0 = Release|Any CPU
	EndGlobalSection
	GlobalSection(SolutionProperties) = preSolution
		HideSolutionNode = FALSE
	EndGlobalSection
	GlobalSection(ExtensibilityGlobals) = postSolution
		SolutionGuid = {092A30E3-1451-45D7-A027-05BC42D6CCEC}
	EndGlobalSection
EndGlobal
